Microsoft Visual Studio Solution File, Format Version 12.00
# Visual Studio Version 16
VisualStudioVersion = 16.0.29613.14
MinimumVisualStudioVersion = 10.0.40219.1
Project("{9A19103F-16F7-4668-BE54-9A1E7A4F7556}") = "CleanArch.Utilities.Core", "src\CleanArch.Utilities.Core\CleanArch.Utilities.Core.csproj", "{DA8D9498-C4D5-40EB-954E-060AC3646847}"
EndProject
Project("{9A19103F-16F7-4668-BE54-9A1E7A4F7556}") = "CleanArch.Utilities.DependencyInjection", "src\CleanArch.Utilities.DependencyInjection\CleanArch.Utilities.DependencyInjection.csproj", "{C1C3BA8E-8780-4FF0-8887-54995A306D6A}"
EndProject
Project("{9A19103F-16F7-4668-BE54-9A1E7A4F7556}") = "CleanArch.Utilities.AspNetCore", "src\CleanArch.Utilities.AspNetCore\CleanArch.Utilities.AspNetCore.csproj", "{E1B39DDA-3398-4D0B-9667-1ABA27C4E606}"
EndProject
Project("{2150E333-8FDC-42A3-9474-1A3956D46DE8}") = "_UnitTests", "_UnitTests", "{519C1EA3-EAFB-4CB2-A403-1A0864A1C090}"
EndProject
Global
	GlobalSection(SolutionConfigurationPlatforms) = preSolution
		Debug|Any CPU = Debug|Any CPU
		Release|Any CPU = Release|Any CPU
	EndGlobalSection
	GlobalSection(ProjectConfigurationPlatforms) = postSolution
		{DA8D9498-C4D5-40EB-954E-060AC3646847}.Debug|Any CPU.ActiveCfg = Debug|Any CPU
		{DA8D9498-C4D5-40EB-954E-060AC3646847}.Debug|Any CPU.Build.0 = Debug|Any CPU
		{DA8D9498-C4D5-40EB-954E-060AC3646847}.Release|Any CPU.ActiveCfg = Release|Any CPU
		{DA8D9498-C4D5-40EB-954E-060AC3646847}.Release|Any CPU.Build.0 = Release|Any CPU
		{C1C3BA8E-8780-4FF0-8887-54995A306D6A}.Debug|Any CPU.ActiveCfg = Debug|Any CPU
		{C1C3BA8E-8780-4FF0-8887-54995A306D6A}.Debug|Any CPU.Build.0 = Debug|Any CPU
		{C1C3BA8E-8780-4FF0-8887-54995A306D6A}.Release|Any CPU.ActiveCfg = Release|Any CPU
		{C1C3BA8E-8780-4FF0-8887-54995A306D6A}.Release|Any CPU.Build.0 = Release|Any CPU
		{E1B39DDA-3398-4D0B-9667-1ABA27C4E606}.Debug|Any CPU.ActiveCfg = Debug|Any CPU
		{E1B39DDA-3398-4D0B-9667-1ABA27C4E606}.Debug|Any CPU.Build.0 = Debug|Any CPU
		{E1B39DDA-3398-4D0B-9667-1ABA27C4E606}.Release|Any CPU.ActiveCfg = Release|Any CPU
		{E1B39DDA-3398-4D0B-9667-1ABA27C4E606}.Release|Any CPU.Build.0 = Release|Any CPU
	EndGlobalSection
	GlobalSection(SolutionProperties) = preSolution
		HideSolutionNode = FALSE
	EndGlobalSection
	GlobalSection(NestedProjects) = preSolution
	EndGlobalSection
	GlobalSection(ExtensibilityGlobals) = postSolution
		SolutionGuid = {4F00D233-C812-4093-97E1-F488CF066577}
	EndGlobalSection
EndGlobal
