
Microsoft Visual Studio Solution File, Format Version 12.00
# Visual Studio 15
Project("{FAE04EC0-301F-11D3-BF4B-00C04F79EFBC}") = "Utilities.Mediatr", "src\Utilities.Mediatr\Utilities.Mediatr.csproj", "{4AD8C42F-51F3-46EF-A682-19A375147052}"
EndProject
Global
	GlobalSection(SolutionConfigurationPlatforms) = preSolution
		Debug|Any CPU = Debug|Any CPU
		Release|Any CPU = Release|Any CPU
	EndGlobalSection
	GlobalSection(ProjectConfigurationPlatforms) = postSolution
		{4AD8C42F-51F3-46EF-A682-19A375147052}.Debug|Any CPU.ActiveCfg = Debug|Any CPU
		{4AD8C42F-51F3-46EF-A682-19A375147052}.Debug|Any CPU.Build.0 = Debug|Any CPU
		{4AD8C42F-51F3-46EF-A682-19A375147052}.Release|Any CPU.ActiveCfg = Release|Any CPU
		{4AD8C42F-51F3-46EF-A682-19A375147052}.Release|Any CPU.Build.0 = Release|Any CPU
	EndGlobalSection
EndGlobal
